
Microsoft Visual Studio Solution File, Format Version 12.00
# Visual Studio Version 17
VisualStudioVersion = 17.0.31919.166
MinimumVisualStudioVersion = 10.0.40219.1
Project("{9A19103F-16F7-4668-BE54-9A1E7A4F7556}") = "Entities", "Entity\Entities.csproj", "{C71AA2DA-3216-4BC5-8993-8F5F337C1E4A}"
EndProject
Project("{FAE04EC0-301F-11D3-BF4B-00C04F79EFBC}") = "Data", "Data\Data.csproj", "{217EA63E-2078-400F-A1AB-81115CBA6AB3}"
EndProject
Project("{FAE04EC0-301F-11D3-BF4B-00C04F79EFBC}") = "Services", "Services\Services.csproj", "{128DAA6D-B926-4CB4-ADC0-4A5FB599ABBB}"
EndProject
Project("{FAE04EC0-301F-11D3-BF4B-00C04F79EFBC}") = "View", "View\View.csproj", "{EB31E4D1-D8C5-4408-B769-3061135A633F}"
EndProject
Global
	GlobalSection(SolutionConfigurationPlatforms) = preSolution
		Debug|Any CPU = Debug|Any CPU
		Release|Any CPU = Release|Any CPU
	EndGlobalSection
	GlobalSection(ProjectConfigurationPlatforms) = postSolution
		{C71AA2DA-3216-4BC5-8993-8F5F337C1E4A}.Debug|Any CPU.ActiveCfg = Debug|Any CPU
		{C71AA2DA-3216-4BC5-8993-8F5F337C1E4A}.Debug|Any CPU.Build.0 = Debug|Any CPU
		{C71AA2DA-3216-4BC5-8993-8F5F337C1E4A}.Release|Any CPU.ActiveCfg = Release|Any CPU
		{C71AA2DA-3216-4BC5-8993-8F5F337C1E4A}.Release|Any CPU.Build.0 = Release|Any CPU
		{217EA63E-2078-400F-A1AB-81115CBA6AB3}.Debug|Any CPU.ActiveCfg = Debug|Any CPU
		{217EA63E-2078-400F-A1AB-81115CBA6AB3}.Debug|Any CPU.Build.0 = Debug|Any CPU
		{217EA63E-2078-400F-A1AB-81115CBA6AB3}.Release|Any CPU.ActiveCfg = Release|Any CPU
		{217EA63E-2078-400F-A1AB-81115CBA6AB3}.Release|Any CPU.Build.0 = Release|Any CPU
		{128DAA6D-B926-4CB4-ADC0-4A5FB599ABBB}.Debug|Any CPU.ActiveCfg = Debug|Any CPU
		{128DAA6D-B926-4CB4-ADC0-4A5FB599ABBB}.Debug|Any CPU.Build.0 = Debug|Any CPU
		{128DAA6D-B926-4CB4-ADC0-4A5FB599ABBB}.Release|Any CPU.ActiveCfg = Release|Any CPU
		{128DAA6D-B926-4CB4-ADC0-4A5FB599ABBB}.Release|Any CPU.Build.0 = Release|Any CPU
		{EB31E4D1-D8C5-4408-B769-3061135A633F}.Debug|Any CPU.ActiveCfg = Debug|Any CPU
		{EB31E4D1-D8C5-4408-B769-3061135A633F}.Debug|Any CPU.Build.0 = Debug|Any CPU
		{EB31E4D1-D8C5-4408-B769-3061135A633F}.Release|Any CPU.ActiveCfg = Release|Any CPU
		{EB31E4D1-D8C5-4408-B769-3061135A633F}.Release|Any CPU.Build.0 = Release|Any CPU
	EndGlobalSection
	GlobalSection(SolutionProperties) = preSolution
		HideSolutionNode = FALSE
	EndGlobalSection
	GlobalSection(ExtensibilityGlobals) = postSolution
		SolutionGuid = {94907E4B-A6D9-48B5-9577-9D9CD4FEC3EC}
	EndGlobalSection
EndGlobal
